// !$*UTF8*$!
{
	archiveVersion = 1;
	classes = {
	};
	objectVersion = 51;
	objects = {

/* Begin PBXBuildFile section */
		040BC3F423F290D90003FAC4 /* AppDelegate.swift in Sources */ = {isa = PBXBuildFile; fileRef = 040BC3F323F290D90003FAC4 /* AppDelegate.swift */; };
		040BC3F623F290D90003FAC4 /* SceneDelegate.swift in Sources */ = {isa = PBXBuildFile; fileRef = 040BC3F523F290D90003FAC4 /* SceneDelegate.swift */; };
		040BC3F823F290D90003FAC4 /* BasicViewController.swift in Sources */ = {isa = PBXBuildFile; fileRef = 040BC3F723F290D90003FAC4 /* BasicViewController.swift */; };
		040BC3FB23F290D90003FAC4 /* Main.storyboard in Resources */ = {isa = PBXBuildFile; fileRef = 040BC3F923F290D90003FAC4 /* Main.storyboard */; };
		040BC3FD23F290DC0003FAC4 /* Assets.xcassets in Resources */ = {isa = PBXBuildFile; fileRef = 040BC3FC23F290DC0003FAC4 /* Assets.xcassets */; };
		040BC40023F290DC0003FAC4 /* LaunchScreen.storyboard in Resources */ = {isa = PBXBuildFile; fileRef = 040BC3FE23F290DC0003FAC4 /* LaunchScreen.storyboard */; };
		040BC40923F293FB0003FAC4 /* LoginViewController.swift in Sources */ = {isa = PBXBuildFile; fileRef = 040BC40823F293FB0003FAC4 /* LoginViewController.swift */; };
		040BC40C23F2973F0003FAC4 /* UserManager.swift in Sources */ = {isa = PBXBuildFile; fileRef = 040BC40B23F2973F0003FAC4 /* UserManager.swift */; };
		040BC40E23F297E60003FAC4 /* User.swift in Sources */ = {isa = PBXBuildFile; fileRef = 040BC40D23F297E60003FAC4 /* User.swift */; };
		040BC41123F2986C0003FAC4 /* AppError.swift in Sources */ = {isa = PBXBuildFile; fileRef = 040BC41023F2986C0003FAC4 /* AppError.swift */; };
		040BC41623F2A1C50003FAC4 /* RequestsProvider.swift in Sources */ = {isa = PBXBuildFile; fileRef = 040BC41523F2A1C50003FAC4 /* RequestsProvider.swift */; };
		040BC41923F2A5060003FAC4 /* Codable.swift in Sources */ = {isa = PBXBuildFile; fileRef = 040BC41823F2A5060003FAC4 /* Codable.swift */; };
		040BC42323F311230003FAC4 /* DIContainer.swift in Sources */ = {isa = PBXBuildFile; fileRef = 040BC42223F311230003FAC4 /* DIContainer.swift */; };
		041D999D23F7F65F0013E843 /* Settings.storyboard in Resources */ = {isa = PBXBuildFile; fileRef = 041D999C23F7F65F0013E843 /* Settings.storyboard */; };
		041D999F23F7F73F0013E843 /* SettingsViewController.swift in Sources */ = {isa = PBXBuildFile; fileRef = 041D999E23F7F73F0013E843 /* SettingsViewController.swift */; };
		041D99A123F7F8A20013E843 /* SettingsTableViewCell.swift in Sources */ = {isa = PBXBuildFile; fileRef = 041D99A023F7F8A20013E843 /* SettingsTableViewCell.swift */; };
		041F125623F54DC4009520C0 /* DetailTask.storyboard in Resources */ = {isa = PBXBuildFile; fileRef = 041F125523F54DC4009520C0 /* DetailTask.storyboard */; };
		041F125823F54DFA009520C0 /* Composite.swift in Sources */ = {isa = PBXBuildFile; fileRef = 041F125723F54DFA009520C0 /* Composite.swift */; };
		041F125A23F5510C009520C0 /* DetailTaskViewController.swift in Sources */ = {isa = PBXBuildFile; fileRef = 041F125923F5510B009520C0 /* DetailTaskViewController.swift */; };
		041F125C23F598E6009520C0 /* SortingTask.swift in Sources */ = {isa = PBXBuildFile; fileRef = 041F125B23F598E5009520C0 /* SortingTask.swift */; };
		041F125E23F69C4A009520C0 /* NotificationManager.swift in Sources */ = {isa = PBXBuildFile; fileRef = 041F125D23F69C4A009520C0 /* NotificationManager.swift */; };
		041F126023F6A97E009520C0 /* UserNotification.swift in Sources */ = {isa = PBXBuildFile; fileRef = 041F125F23F6A97E009520C0 /* UserNotification.swift */; };
		041F126223F6D499009520C0 /* UserNotifications.storyboard in Resources */ = {isa = PBXBuildFile; fileRef = 041F126123F6D499009520C0 /* UserNotifications.storyboard */; };
		041F126423F6D54A009520C0 /* NotificationsViewController.swift in Sources */ = {isa = PBXBuildFile; fileRef = 041F126323F6D54A009520C0 /* NotificationsViewController.swift */; };
		041F126623F6E40B009520C0 /* NotificationTableViewCell.swift in Sources */ = {isa = PBXBuildFile; fileRef = 041F126523F6E40A009520C0 /* NotificationTableViewCell.swift */; };
		0436CC0823F42C6700888A2B /* TasksList.storyboard in Resources */ = {isa = PBXBuildFile; fileRef = 0436CC0723F42C6700888A2B /* TasksList.storyboard */; };
		0436CC0A23F42F1B00888A2B /* TaskListViewController.swift in Sources */ = {isa = PBXBuildFile; fileRef = 0436CC0923F42F1B00888A2B /* TaskListViewController.swift */; };
		0436CC0D23F4341000888A2B /* TaskListTableViewCell.swift in Sources */ = {isa = PBXBuildFile; fileRef = 0436CC0C23F4341000888A2B /* TaskListTableViewCell.swift */; };
		0436CC0F23F437AD00888A2B /* EditTask.storyboard in Resources */ = {isa = PBXBuildFile; fileRef = 0436CC0E23F437AC00888A2B /* EditTask.storyboard */; };
		0436CC1123F43C5300888A2B /* NewTaskViewController.swift in Sources */ = {isa = PBXBuildFile; fileRef = 0436CC1023F43C5300888A2B /* NewTaskViewController.swift */; };
		0436CC1323F4449600888A2B /* TaskManager.swift in Sources */ = {isa = PBXBuildFile; fileRef = 0436CC1223F4449600888A2B /* TaskManager.swift */; };
		0436CC1523F4466500888A2B /* Task.swift in Sources */ = {isa = PBXBuildFile; fileRef = 0436CC1423F4466500888A2B /* Task.swift */; };
		AEC2D4B23AD52DCE7C1EF56B /* Pods_DOITTarasenko.framework in Frameworks */ = {isa = PBXBuildFile; fileRef = EEFA3BBE46F59CCE3463962E /* Pods_DOITTarasenko.framework */; };
		C74C41FF246026AA00192977 /* NotificationViewModel.swift in Sources */ = {isa = PBXBuildFile; fileRef = C74C41FE246026AA00192977 /* NotificationViewModel.swift */; };
		C74C4201246026C200192977 /* NotificationCoordinator.swift in Sources */ = {isa = PBXBuildFile; fileRef = C74C4200246026C200192977 /* NotificationCoordinator.swift */; };
		C79220D22462835B00AE7C4B /* SettingsCoordinator.swift in Sources */ = {isa = PBXBuildFile; fileRef = C79220D12462835B00AE7C4B /* SettingsCoordinator.swift */; };
		C79220D4246283A900AE7C4B /* SettingsViewModel.swift in Sources */ = {isa = PBXBuildFile; fileRef = C79220D3246283A800AE7C4B /* SettingsViewModel.swift */; };
		C795DFCF245467BB00F16287 /* TaskListViewModel.swift in Sources */ = {isa = PBXBuildFile; fileRef = C795DFCE245467BB00F16287 /* TaskListViewModel.swift */; };
		C795DFD12455BE3200F16287 /* NewTaskViewModel.swift in Sources */ = {isa = PBXBuildFile; fileRef = C795DFD02455BE3200F16287 /* NewTaskViewModel.swift */; };
		C7B446E8245AA0CC00C3E34F /* DetailTaskViewModel.swift in Sources */ = {isa = PBXBuildFile; fileRef = C7B446E7245AA0CC00C3E34F /* DetailTaskViewModel.swift */; };
		C7B446EB245C3AB500C3E34F /* Coordinator.swift in Sources */ = {isa = PBXBuildFile; fileRef = C7B446EA245C3AB500C3E34F /* Coordinator.swift */; };
		C7B446ED245C3DB200C3E34F /* LoginViewModel.swift in Sources */ = {isa = PBXBuildFile; fileRef = C7B446EC245C3DB200C3E34F /* LoginViewModel.swift */; };
		C7B446EF245D93A800C3E34F /* Storyboarded.swift in Sources */ = {isa = PBXBuildFile; fileRef = C7B446EE245D93A700C3E34F /* Storyboarded.swift */; };
		C7B446F1245D954600C3E34F /* AppCoordinator.swift in Sources */ = {isa = PBXBuildFile; fileRef = C7B446F0245D954600C3E34F /* AppCoordinator.swift */; };
		C7B446F3245D957400C3E34F /* SignInCoordinator.swift in Sources */ = {isa = PBXBuildFile; fileRef = C7B446F2245D957300C3E34F /* SignInCoordinator.swift */; };
		C7B446F5245D95BB00C3E34F /* TasksListCoordinator.swift in Sources */ = {isa = PBXBuildFile; fileRef = C7B446F4245D95BB00C3E34F /* TasksListCoordinator.swift */; };
		C7B446F7245D977400C3E34F /* DetailTaskCoordinator.swift in Sources */ = {isa = PBXBuildFile; fileRef = C7B446F6245D977400C3E34F /* DetailTaskCoordinator.swift */; };
		C7B446F9245FEBFE00C3E34F /* NewTaskCoordinator.swift in Sources */ = {isa = PBXBuildFile; fileRef = C7B446F8245FEBFE00C3E34F /* NewTaskCoordinator.swift */; };
/* End PBXBuildFile section */

/* Begin PBXFileReference section */
		040BC3F023F290D90003FAC4 /* DOITTarasenko.app */ = {isa = PBXFileReference; explicitFileType = wrapper.application; includeInIndex = 0; path = DOITTarasenko.app; sourceTree = BUILT_PRODUCTS_DIR; };
		040BC3F323F290D90003FAC4 /* AppDelegate.swift */ = {isa = PBXFileReference; lastKnownFileType = sourcecode.swift; path = AppDelegate.swift; sourceTree = "<group>"; };
		040BC3F523F290D90003FAC4 /* SceneDelegate.swift */ = {isa = PBXFileReference; lastKnownFileType = sourcecode.swift; path = SceneDelegate.swift; sourceTree = "<group>"; };
		040BC3F723F290D90003FAC4 /* BasicViewController.swift */ = {isa = PBXFileReference; lastKnownFileType = sourcecode.swift; path = BasicViewController.swift; sourceTree = "<group>"; };
		040BC3FA23F290D90003FAC4 /* Base */ = {isa = PBXFileReference; lastKnownFileType = file.storyboard; name = Base; path = Base.lproj/Main.storyboard; sourceTree = "<group>"; };
		040BC3FC23F290DC0003FAC4 /* Assets.xcassets */ = {isa = PBXFileReference; lastKnownFileType = folder.assetcatalog; path = Assets.xcassets; sourceTree = "<group>"; };
		040BC3FF23F290DC0003FAC4 /* Base */ = {isa = PBXFileReference; lastKnownFileType = file.storyboard; name = Base; path = Base.lproj/LaunchScreen.storyboard; sourceTree = "<group>"; };
		040BC40123F290DC0003FAC4 /* Info.plist */ = {isa = PBXFileReference; lastKnownFileType = text.plist.xml; path = Info.plist; sourceTree = "<group>"; };
		040BC40823F293FB0003FAC4 /* LoginViewController.swift */ = {isa = PBXFileReference; lastKnownFileType = sourcecode.swift; path = LoginViewController.swift; sourceTree = "<group>"; };
		040BC40B23F2973F0003FAC4 /* UserManager.swift */ = {isa = PBXFileReference; lastKnownFileType = sourcecode.swift; path = UserManager.swift; sourceTree = "<group>"; };
		040BC40D23F297E60003FAC4 /* User.swift */ = {isa = PBXFileReference; lastKnownFileType = sourcecode.swift; path = User.swift; sourceTree = "<group>"; };
		040BC41023F2986C0003FAC4 /* AppError.swift */ = {isa = PBXFileReference; lastKnownFileType = sourcecode.swift; path = AppError.swift; sourceTree = "<group>"; };
		040BC41523F2A1C50003FAC4 /* RequestsProvider.swift */ = {isa = PBXFileReference; lastKnownFileType = sourcecode.swift; path = RequestsProvider.swift; sourceTree = "<group>"; };
		040BC41823F2A5060003FAC4 /* Codable.swift */ = {isa = PBXFileReference; lastKnownFileType = sourcecode.swift; path = Codable.swift; sourceTree = "<group>"; };
		040BC42223F311230003FAC4 /* DIContainer.swift */ = {isa = PBXFileReference; lastKnownFileType = sourcecode.swift; path = DIContainer.swift; sourceTree = "<group>"; };
		041D999C23F7F65F0013E843 /* Settings.storyboard */ = {isa = PBXFileReference; lastKnownFileType = file.storyboard; path = Settings.storyboard; sourceTree = "<group>"; };
		041D999E23F7F73F0013E843 /* SettingsViewController.swift */ = {isa = PBXFileReference; lastKnownFileType = sourcecode.swift; path = SettingsViewController.swift; sourceTree = "<group>"; };
		041D99A023F7F8A20013E843 /* SettingsTableViewCell.swift */ = {isa = PBXFileReference; lastKnownFileType = sourcecode.swift; path = SettingsTableViewCell.swift; sourceTree = "<group>"; };
		041F125523F54DC4009520C0 /* DetailTask.storyboard */ = {isa = PBXFileReference; lastKnownFileType = file.storyboard; path = DetailTask.storyboard; sourceTree = "<group>"; };
		041F125723F54DFA009520C0 /* Composite.swift */ = {isa = PBXFileReference; lastKnownFileType = sourcecode.swift; path = Composite.swift; sourceTree = "<group>"; };
		041F125923F5510B009520C0 /* DetailTaskViewController.swift */ = {isa = PBXFileReference; lastKnownFileType = sourcecode.swift; path = DetailTaskViewController.swift; sourceTree = "<group>"; };
		041F125B23F598E5009520C0 /* SortingTask.swift */ = {isa = PBXFileReference; lastKnownFileType = sourcecode.swift; path = SortingTask.swift; sourceTree = "<group>"; };
		041F125D23F69C4A009520C0 /* NotificationManager.swift */ = {isa = PBXFileReference; lastKnownFileType = sourcecode.swift; path = NotificationManager.swift; sourceTree = "<group>"; };
		041F125F23F6A97E009520C0 /* UserNotification.swift */ = {isa = PBXFileReference; lastKnownFileType = sourcecode.swift; path = UserNotification.swift; sourceTree = "<group>"; };
		041F126123F6D499009520C0 /* UserNotifications.storyboard */ = {isa = PBXFileReference; lastKnownFileType = file.storyboard; path = UserNotifications.storyboard; sourceTree = "<group>"; };
		041F126323F6D54A009520C0 /* NotificationsViewController.swift */ = {isa = PBXFileReference; lastKnownFileType = sourcecode.swift; path = NotificationsViewController.swift; sourceTree = "<group>"; };
		041F126523F6E40A009520C0 /* NotificationTableViewCell.swift */ = {isa = PBXFileReference; lastKnownFileType = sourcecode.swift; path = NotificationTableViewCell.swift; sourceTree = "<group>"; };
		0436CC0723F42C6700888A2B /* TasksList.storyboard */ = {isa = PBXFileReference; lastKnownFileType = file.storyboard; path = TasksList.storyboard; sourceTree = "<group>"; };
		0436CC0923F42F1B00888A2B /* TaskListViewController.swift */ = {isa = PBXFileReference; lastKnownFileType = sourcecode.swift; path = TaskListViewController.swift; sourceTree = "<group>"; };
		0436CC0C23F4341000888A2B /* TaskListTableViewCell.swift */ = {isa = PBXFileReference; lastKnownFileType = sourcecode.swift; path = TaskListTableViewCell.swift; sourceTree = "<group>"; };
		0436CC0E23F437AC00888A2B /* EditTask.storyboard */ = {isa = PBXFileReference; lastKnownFileType = file.storyboard; path = EditTask.storyboard; sourceTree = "<group>"; };
		0436CC1023F43C5300888A2B /* NewTaskViewController.swift */ = {isa = PBXFileReference; lastKnownFileType = sourcecode.swift; path = NewTaskViewController.swift; sourceTree = "<group>"; };
		0436CC1223F4449600888A2B /* TaskManager.swift */ = {isa = PBXFileReference; lastKnownFileType = sourcecode.swift; path = TaskManager.swift; sourceTree = "<group>"; };
		0436CC1423F4466500888A2B /* Task.swift */ = {isa = PBXFileReference; lastKnownFileType = sourcecode.swift; path = Task.swift; sourceTree = "<group>"; };
		16937C15C40DDCD3CA3463AA /* Pods-DOITTarasenko.debug.xcconfig */ = {isa = PBXFileReference; includeInIndex = 1; lastKnownFileType = text.xcconfig; name = "Pods-DOITTarasenko.debug.xcconfig"; path = "Target Support Files/Pods-DOITTarasenko/Pods-DOITTarasenko.debug.xcconfig"; sourceTree = "<group>"; };
		398BA54A77F021AF225B739B /* Pods-DOITTarasenko.release.xcconfig */ = {isa = PBXFileReference; includeInIndex = 1; lastKnownFileType = text.xcconfig; name = "Pods-DOITTarasenko.release.xcconfig"; path = "Target Support Files/Pods-DOITTarasenko/Pods-DOITTarasenko.release.xcconfig"; sourceTree = "<group>"; };
		C74C41FE246026AA00192977 /* NotificationViewModel.swift */ = {isa = PBXFileReference; lastKnownFileType = sourcecode.swift; path = NotificationViewModel.swift; sourceTree = "<group>"; };
		C74C4200246026C200192977 /* NotificationCoordinator.swift */ = {isa = PBXFileReference; lastKnownFileType = sourcecode.swift; path = NotificationCoordinator.swift; sourceTree = "<group>"; };
		C79220D12462835B00AE7C4B /* SettingsCoordinator.swift */ = {isa = PBXFileReference; lastKnownFileType = sourcecode.swift; path = SettingsCoordinator.swift; sourceTree = "<group>"; };
		C79220D3246283A800AE7C4B /* SettingsViewModel.swift */ = {isa = PBXFileReference; lastKnownFileType = sourcecode.swift; path = SettingsViewModel.swift; sourceTree = "<group>"; };
		C795DFCE245467BB00F16287 /* TaskListViewModel.swift */ = {isa = PBXFileReference; lastKnownFileType = sourcecode.swift; path = TaskListViewModel.swift; sourceTree = "<group>"; };
		C795DFD02455BE3200F16287 /* NewTaskViewModel.swift */ = {isa = PBXFileReference; lastKnownFileType = sourcecode.swift; name = NewTaskViewModel.swift; path = DOITTarasenko/NewTask/NewTaskViewModel.swift; sourceTree = SOURCE_ROOT; };
		C7B446E7245AA0CC00C3E34F /* DetailTaskViewModel.swift */ = {isa = PBXFileReference; lastKnownFileType = sourcecode.swift; path = DetailTaskViewModel.swift; sourceTree = "<group>"; };
		C7B446EA245C3AB500C3E34F /* Coordinator.swift */ = {isa = PBXFileReference; lastKnownFileType = sourcecode.swift; path = Coordinator.swift; sourceTree = "<group>"; };
		C7B446EC245C3DB200C3E34F /* LoginViewModel.swift */ = {isa = PBXFileReference; lastKnownFileType = sourcecode.swift; path = LoginViewModel.swift; sourceTree = "<group>"; };
		C7B446EE245D93A700C3E34F /* Storyboarded.swift */ = {isa = PBXFileReference; lastKnownFileType = sourcecode.swift; path = Storyboarded.swift; sourceTree = "<group>"; };
		C7B446F0245D954600C3E34F /* AppCoordinator.swift */ = {isa = PBXFileReference; lastKnownFileType = sourcecode.swift; path = AppCoordinator.swift; sourceTree = "<group>"; };
		C7B446F2245D957300C3E34F /* SignInCoordinator.swift */ = {isa = PBXFileReference; lastKnownFileType = sourcecode.swift; path = SignInCoordinator.swift; sourceTree = "<group>"; };
		C7B446F4245D95BB00C3E34F /* TasksListCoordinator.swift */ = {isa = PBXFileReference; lastKnownFileType = sourcecode.swift; path = TasksListCoordinator.swift; sourceTree = "<group>"; };
		C7B446F6245D977400C3E34F /* DetailTaskCoordinator.swift */ = {isa = PBXFileReference; lastKnownFileType = sourcecode.swift; path = DetailTaskCoordinator.swift; sourceTree = "<group>"; };
		C7B446F8245FEBFE00C3E34F /* NewTaskCoordinator.swift */ = {isa = PBXFileReference; lastKnownFileType = sourcecode.swift; path = NewTaskCoordinator.swift; sourceTree = "<group>"; };
		EEFA3BBE46F59CCE3463962E /* Pods_DOITTarasenko.framework */ = {isa = PBXFileReference; explicitFileType = wrapper.framework; includeInIndex = 0; path = Pods_DOITTarasenko.framework; sourceTree = BUILT_PRODUCTS_DIR; };
/* End PBXFileReference section */

/* Begin PBXFrameworksBuildPhase section */
		040BC3ED23F290D90003FAC4 /* Frameworks */ = {
			isa = PBXFrameworksBuildPhase;
			buildActionMask = 2147483647;
			files = (
				AEC2D4B23AD52DCE7C1EF56B /* Pods_DOITTarasenko.framework in Frameworks */,
			);
			runOnlyForDeploymentPostprocessing = 0;
		};
/* End PBXFrameworksBuildPhase section */

/* Begin PBXGroup section */
		040BC3E723F290D90003FAC4 = {
			isa = PBXGroup;
			children = (
				040BC3F223F290D90003FAC4 /* DOITTarasenko */,
				040BC3F123F290D90003FAC4 /* Products */,
				9093E46AAC9612BAEB7A4F6D /* Pods */,
				ECC4C7D5E40BCE79B4CC9B82 /* Frameworks */,
			);
			sourceTree = "<group>";
		};
		040BC3F123F290D90003FAC4 /* Products */ = {
			isa = PBXGroup;
			children = (
				040BC3F023F290D90003FAC4 /* DOITTarasenko.app */,
			);
			name = Products;
			sourceTree = "<group>";
		};
		040BC3F223F290D90003FAC4 /* DOITTarasenko */ = {
			isa = PBXGroup;
			children = (
				C7AF5599246A790700C4D866 /* Login */,
				C7AF559A246A792F00C4D866 /* TasksList */,
				C7AF559B246A794F00C4D866 /* DetailTask */,
				C7AF559C246A796800C4D866 /* NewTask */,
				C7AF559D246A798200C4D866 /* Notifications */,
				C7AF559E246A799E00C4D866 /* Settings */,
				C7B446E9245C3A9C00C3E34F /* Coordinator */,
				040BC41723F2A4F10003FAC4 /* Extension */,
				040BC41423F2A1890003FAC4 /* API */,
				040BC41223F29B4D0003FAC4 /* Source */,
				040BC40F23F2984F0003FAC4 /* Models */,
				040BC40A23F297150003FAC4 /* Managers */,
				0436CC0B23F433EB00888A2B /* Cells */,
			);
			path = DOITTarasenko;
			sourceTree = "<group>";
		};
		040BC40A23F297150003FAC4 /* Managers */ = {
			isa = PBXGroup;
			children = (
				040BC40B23F2973F0003FAC4 /* UserManager.swift */,
				0436CC1223F4449600888A2B /* TaskManager.swift */,
				041F125D23F69C4A009520C0 /* NotificationManager.swift */,
			);
			path = Managers;
			sourceTree = "<group>";
		};
		040BC40F23F2984F0003FAC4 /* Models */ = {
			isa = PBXGroup;
			children = (
				040BC40D23F297E60003FAC4 /* User.swift */,
				040BC41023F2986C0003FAC4 /* AppError.swift */,
				0436CC1423F4466500888A2B /* Task.swift */,
				041F125B23F598E5009520C0 /* SortingTask.swift */,
				041F125F23F6A97E009520C0 /* UserNotification.swift */,
				C7B446EE245D93A700C3E34F /* Storyboarded.swift */,
			);
			path = Models;
			sourceTree = "<group>";
		};
		040BC41223F29B4D0003FAC4 /* Source */ = {
			isa = PBXGroup;
			children = (
				040BC3F723F290D90003FAC4 /* BasicViewController.swift */,
				040BC3FE23F290DC0003FAC4 /* LaunchScreen.storyboard */,
				040BC3F323F290D90003FAC4 /* AppDelegate.swift */,
				040BC3F523F290D90003FAC4 /* SceneDelegate.swift */,
				040BC3FC23F290DC0003FAC4 /* Assets.xcassets */,
				040BC40123F290DC0003FAC4 /* Info.plist */,
			);
			path = Source;
			sourceTree = "<group>";
		};
		040BC41423F2A1890003FAC4 /* API */ = {
			isa = PBXGroup;
			children = (
				040BC41523F2A1C50003FAC4 /* RequestsProvider.swift */,
				041F125723F54DFA009520C0 /* Composite.swift */,
			);
			path = API;
			sourceTree = "<group>";
		};
		040BC41723F2A4F10003FAC4 /* Extension */ = {
			isa = PBXGroup;
			children = (
				040BC41823F2A5060003FAC4 /* Codable.swift */,
				040BC42223F311230003FAC4 /* DIContainer.swift */,
			);
			path = Extension;
			sourceTree = "<group>";
		};
		0436CC0B23F433EB00888A2B /* Cells */ = {
			isa = PBXGroup;
			children = (
				0436CC0C23F4341000888A2B /* TaskListTableViewCell.swift */,
				041F126523F6E40A009520C0 /* NotificationTableViewCell.swift */,
				041D99A023F7F8A20013E843 /* SettingsTableViewCell.swift */,
			);
			path = Cells;
			sourceTree = "<group>";
		};
		9093E46AAC9612BAEB7A4F6D /* Pods */ = {
			isa = PBXGroup;
			children = (
				16937C15C40DDCD3CA3463AA /* Pods-DOITTarasenko.debug.xcconfig */,
				398BA54A77F021AF225B739B /* Pods-DOITTarasenko.release.xcconfig */,
			);
			path = Pods;
			sourceTree = "<group>";
		};
		C7AF5599246A790700C4D866 /* Login */ = {
			isa = PBXGroup;
			children = (
				040BC3F923F290D90003FAC4 /* Main.storyboard */,
				C7B446F2245D957300C3E34F /* SignInCoordinator.swift */,
				C7B446EC245C3DB200C3E34F /* LoginViewModel.swift */,
				040BC40823F293FB0003FAC4 /* LoginViewController.swift */,
			);
			path = Login;
			sourceTree = "<group>";
		};
		C7AF559A246A792F00C4D866 /* TasksList */ = {
			isa = PBXGroup;
			children = (
				0436CC0723F42C6700888A2B /* TasksList.storyboard */,
				C7B446F4245D95BB00C3E34F /* TasksListCoordinator.swift */,
				C795DFCE245467BB00F16287 /* TaskListViewModel.swift */,
				0436CC0923F42F1B00888A2B /* TaskListViewController.swift */,
			);
			path = TasksList;
			sourceTree = "<group>";
		};
		C7AF559B246A794F00C4D866 /* DetailTask */ = {
			isa = PBXGroup;
			children = (
				041F125523F54DC4009520C0 /* DetailTask.storyboard */,
				C7B446F6245D977400C3E34F /* DetailTaskCoordinator.swift */,
				C7B446E7245AA0CC00C3E34F /* DetailTaskViewModel.swift */,
				041F125923F5510B009520C0 /* DetailTaskViewController.swift */,
			);
			path = DetailTask;
			sourceTree = "<group>";
		};
		C7AF559C246A796800C4D866 /* NewTask */ = {
			isa = PBXGroup;
			children = (
				0436CC0E23F437AC00888A2B /* EditTask.storyboard */,
				C7B446F8245FEBFE00C3E34F /* NewTaskCoordinator.swift */,
				C795DFD02455BE3200F16287 /* NewTaskViewModel.swift */,
				0436CC1023F43C5300888A2B /* NewTaskViewController.swift */,
			);
			path = NewTask;
			sourceTree = "<group>";
		};
		C7AF559D246A798200C4D866 /* Notifications */ = {
			isa = PBXGroup;
			children = (
				041F126123F6D499009520C0 /* UserNotifications.storyboard */,
				C74C4200246026C200192977 /* NotificationCoordinator.swift */,
				C74C41FE246026AA00192977 /* NotificationViewModel.swift */,
				041F126323F6D54A009520C0 /* NotificationsViewController.swift */,
			);
			path = Notifications;
			sourceTree = "<group>";
		};
		C7AF559E246A799E00C4D866 /* Settings */ = {
			isa = PBXGroup;
			children = (
				041D999C23F7F65F0013E843 /* Settings.storyboard */,
				C79220D12462835B00AE7C4B /* SettingsCoordinator.swift */,
				C79220D3246283A800AE7C4B /* SettingsViewModel.swift */,
				041D999E23F7F73F0013E843 /* SettingsViewController.swift */,
			);
			path = Settings;
			sourceTree = "<group>";
		};
		C7B446E9245C3A9C00C3E34F /* Coordinator */ = {
			isa = PBXGroup;
			children = (
				C7B446EA245C3AB500C3E34F /* Coordinator.swift */,
				C7B446F0245D954600C3E34F /* AppCoordinator.swift */,
			);
			path = Coordinator;
			sourceTree = "<group>";
		};
		ECC4C7D5E40BCE79B4CC9B82 /* Frameworks */ = {
			isa = PBXGroup;
			children = (
				EEFA3BBE46F59CCE3463962E /* Pods_DOITTarasenko.framework */,
			);
			name = Frameworks;
			sourceTree = "<group>";
		};
/* End PBXGroup section */

/* Begin PBXNativeTarget section */
		040BC3EF23F290D90003FAC4 /* DOITTarasenko */ = {
			isa = PBXNativeTarget;
			buildConfigurationList = 040BC40423F290DC0003FAC4 /* Build configuration list for PBXNativeTarget "DOITTarasenko" */;
			buildPhases = (
				2A935D168859B80814367676 /* [CP] Check Pods Manifest.lock */,
				040BC3EC23F290D90003FAC4 /* Sources */,
				040BC3ED23F290D90003FAC4 /* Frameworks */,
				040BC3EE23F290D90003FAC4 /* Resources */,
				F64770037972ABCBC4AFC2A8 /* [CP] Embed Pods Frameworks */,
			);
			buildRules = (
			);
			dependencies = (
			);
			name = DOITTarasenko;
			productName = DOITTarasenko;
			productReference = 040BC3F023F290D90003FAC4 /* DOITTarasenko.app */;
			productType = "com.apple.product-type.application";
		};
/* End PBXNativeTarget section */

/* Begin PBXProject section */
		040BC3E823F290D90003FAC4 /* Project object */ = {
			isa = PBXProject;
			attributes = {
				LastSwiftUpdateCheck = 1130;
				LastUpgradeCheck = 1130;
				ORGANIZATIONNAME = Mac;
				TargetAttributes = {
					040BC3EF23F290D90003FAC4 = {
						CreatedOnToolsVersion = 11.3.1;
					};
				};
			};
			buildConfigurationList = 040BC3EB23F290D90003FAC4 /* Build configuration list for PBXProject "DOITTarasenko" */;
			compatibilityVersion = "Xcode 9.3";
			developmentRegion = en;
			hasScannedForEncodings = 0;
			knownRegions = (
				en,
				Base,
			);
			mainGroup = 040BC3E723F290D90003FAC4;
			productRefGroup = 040BC3F123F290D90003FAC4 /* Products */;
			projectDirPath = "";
			projectRoot = "";
			targets = (
				040BC3EF23F290D90003FAC4 /* DOITTarasenko */,
			);
		};
/* End PBXProject section */

/* Begin PBXResourcesBuildPhase section */
		040BC3EE23F290D90003FAC4 /* Resources */ = {
			isa = PBXResourcesBuildPhase;
			buildActionMask = 2147483647;
			files = (
				041F125623F54DC4009520C0 /* DetailTask.storyboard in Resources */,
				040BC40023F290DC0003FAC4 /* LaunchScreen.storyboard in Resources */,
				0436CC0823F42C6700888A2B /* TasksList.storyboard in Resources */,
				041D999D23F7F65F0013E843 /* Settings.storyboard in Resources */,
				040BC3FD23F290DC0003FAC4 /* Assets.xcassets in Resources */,
				0436CC0F23F437AD00888A2B /* EditTask.storyboard in Resources */,
				040BC3FB23F290D90003FAC4 /* Main.storyboard in Resources */,
				041F126223F6D499009520C0 /* UserNotifications.storyboard in Resources */,
			);
			runOnlyForDeploymentPostprocessing = 0;
		};
/* End PBXResourcesBuildPhase section */

/* Begin PBXShellScriptBuildPhase section */
		2A935D168859B80814367676 /* [CP] Check Pods Manifest.lock */ = {
			isa = PBXShellScriptBuildPhase;
			buildActionMask = 2147483647;
			files = (
			);
			inputFileListPaths = (
			);
			inputPaths = (
				"${PODS_PODFILE_DIR_PATH}/Podfile.lock",
				"${PODS_ROOT}/Manifest.lock",
			);
			name = "[CP] Check Pods Manifest.lock";
			outputFileListPaths = (
			);
			outputPaths = (
				"$(DERIVED_FILE_DIR)/Pods-DOITTarasenko-checkManifestLockResult.txt",
			);
			runOnlyForDeploymentPostprocessing = 0;
			shellPath = /bin/sh;
			shellScript = "diff \"${PODS_PODFILE_DIR_PATH}/Podfile.lock\" \"${PODS_ROOT}/Manifest.lock\" > /dev/null\nif [ $? != 0 ] ; then\n    # print error to STDERR\n    echo \"error: The sandbox is not in sync with the Podfile.lock. Run 'pod install' or update your CocoaPods installation.\" >&2\n    exit 1\nfi\n# This output is used by Xcode 'outputs' to avoid re-running this script phase.\necho \"SUCCESS\" > \"${SCRIPT_OUTPUT_FILE_0}\"\n";
			showEnvVarsInLog = 0;
		};
		F64770037972ABCBC4AFC2A8 /* [CP] Embed Pods Frameworks */ = {
			isa = PBXShellScriptBuildPhase;
			buildActionMask = 2147483647;
			files = (
			);
			inputFileListPaths = (
				"${PODS_ROOT}/Target Support Files/Pods-DOITTarasenko/Pods-DOITTarasenko-frameworks-${CONFIGURATION}-input-files.xcfilelist",
			);
			name = "[CP] Embed Pods Frameworks";
			outputFileListPaths = (
				"${PODS_ROOT}/Target Support Files/Pods-DOITTarasenko/Pods-DOITTarasenko-frameworks-${CONFIGURATION}-output-files.xcfilelist",
			);
			runOnlyForDeploymentPostprocessing = 0;
			shellPath = /bin/sh;
			shellScript = "\"${PODS_ROOT}/Target Support Files/Pods-DOITTarasenko/Pods-DOITTarasenko-frameworks.sh\"\n";
			showEnvVarsInLog = 0;
		};
/* End PBXShellScriptBuildPhase section */

/* Begin PBXSourcesBuildPhase section */
		040BC3EC23F290D90003FAC4 /* Sources */ = {
			isa = PBXSourcesBuildPhase;
			buildActionMask = 2147483647;
			files = (
				040BC41623F2A1C50003FAC4 /* RequestsProvider.swift in Sources */,
				0436CC0D23F4341000888A2B /* TaskListTableViewCell.swift in Sources */,
				041D99A123F7F8A20013E843 /* SettingsTableViewCell.swift in Sources */,
				040BC42323F311230003FAC4 /* DIContainer.swift in Sources */,
				C7B446F5245D95BB00C3E34F /* TasksListCoordinator.swift in Sources */,
				C74C41FF246026AA00192977 /* NotificationViewModel.swift in Sources */,
				C7B446F1245D954600C3E34F /* AppCoordinator.swift in Sources */,
				040BC40923F293FB0003FAC4 /* LoginViewController.swift in Sources */,
				C79220D4246283A900AE7C4B /* SettingsViewModel.swift in Sources */,
				040BC3F823F290D90003FAC4 /* BasicViewController.swift in Sources */,
				0436CC0A23F42F1B00888A2B /* TaskListViewController.swift in Sources */,
				040BC3F423F290D90003FAC4 /* AppDelegate.swift in Sources */,
				C7B446F7245D977400C3E34F /* DetailTaskCoordinator.swift in Sources */,
				041F126023F6A97E009520C0 /* UserNotification.swift in Sources */,
				0436CC1523F4466500888A2B /* Task.swift in Sources */,
				041F125823F54DFA009520C0 /* Composite.swift in Sources */,
				041F126623F6E40B009520C0 /* NotificationTableViewCell.swift in Sources */,
				C795DFCF245467BB00F16287 /* TaskListViewModel.swift in Sources */,
				041F125A23F5510C009520C0 /* DetailTaskViewController.swift in Sources */,
				0436CC1123F43C5300888A2B /* NewTaskViewController.swift in Sources */,
				041F126423F6D54A009520C0 /* NotificationsViewController.swift in Sources */,
				040BC40E23F297E60003FAC4 /* User.swift in Sources */,
				C7B446EF245D93A800C3E34F /* Storyboarded.swift in Sources */,
				041D999F23F7F73F0013E843 /* SettingsViewController.swift in Sources */,
				040BC41923F2A5060003FAC4 /* Codable.swift in Sources */,
				C74C4201246026C200192977 /* NotificationCoordinator.swift in Sources */,
				040BC40C23F2973F0003FAC4 /* UserManager.swift in Sources */,
				C7B446EB245C3AB500C3E34F /* Coordinator.swift in Sources */,
				C7B446ED245C3DB200C3E34F /* LoginViewModel.swift in Sources */,
				0436CC1323F4449600888A2B /* TaskManager.swift in Sources */,
				041F125E23F69C4A009520C0 /* NotificationManager.swift in Sources */,
				040BC3F623F290D90003FAC4 /* SceneDelegate.swift in Sources */,
				C79220D22462835B00AE7C4B /* SettingsCoordinator.swift in Sources */,
				C7B446E8245AA0CC00C3E34F /* DetailTaskViewModel.swift in Sources */,
				041F125C23F598E6009520C0 /* SortingTask.swift in Sources */,
				C795DFD12455BE3200F16287 /* NewTaskViewModel.swift in Sources */,
				C7B446F3245D957400C3E34F /* SignInCoordinator.swift in Sources */,
				C7B446F9245FEBFE00C3E34F /* NewTaskCoordinator.swift in Sources */,
				040BC41123F2986C0003FAC4 /* AppError.swift in Sources */,
			);
			runOnlyForDeploymentPostprocessing = 0;
		};
/* End PBXSourcesBuildPhase section */

/* Begin PBXVariantGroup section */
		040BC3F923F290D90003FAC4 /* Main.storyboard */ = {
			isa = PBXVariantGroup;
			children = (
				040BC3FA23F290D90003FAC4 /* Base */,
			);
			name = Main.storyboard;
			sourceTree = "<group>";
		};
		040BC3FE23F290DC0003FAC4 /* LaunchScreen.storyboard */ = {
			isa = PBXVariantGroup;
			children = (
				040BC3FF23F290DC0003FAC4 /* Base */,
			);
			name = LaunchScreen.storyboard;
			sourceTree = "<group>";
		};
/* End PBXVariantGroup section */

/* Begin XCBuildConfiguration section */
		040BC40223F290DC0003FAC4 /* Debug */ = {
			isa = XCBuildConfiguration;
			buildSettings = {
				ALWAYS_SEARCH_USER_PATHS = NO;
				CLANG_ANALYZER_NONNULL = YES;
				CLANG_ANALYZER_NUMBER_OBJECT_CONVERSION = YES_AGGRESSIVE;
				CLANG_CXX_LANGUAGE_STANDARD = "gnu++14";
				CLANG_CXX_LIBRARY = "libc++";
				CLANG_ENABLE_MODULES = YES;
				CLANG_ENABLE_OBJC_ARC = YES;
				CLANG_ENABLE_OBJC_WEAK = YES;
				CLANG_WARN_BLOCK_CAPTURE_AUTORELEASING = YES;
				CLANG_WARN_BOOL_CONVERSION = YES;
				CLANG_WARN_COMMA = YES;
				CLANG_WARN_CONSTANT_CONVERSION = YES;
				CLANG_WARN_DEPRECATED_OBJC_IMPLEMENTATIONS = YES;
				CLANG_WARN_DIRECT_OBJC_ISA_USAGE = YES_ERROR;
				CLANG_WARN_DOCUMENTATION_COMMENTS = YES;
				CLANG_WARN_EMPTY_BODY = YES;
				CLANG_WARN_ENUM_CONVERSION = YES;
				CLANG_WARN_INFINITE_RECURSION = YES;
				CLANG_WARN_INT_CONVERSION = YES;
				CLANG_WARN_NON_LITERAL_NULL_CONVERSION = YES;
				CLANG_WARN_OBJC_IMPLICIT_RETAIN_SELF = YES;
				CLANG_WARN_OBJC_LITERAL_CONVERSION = YES;
				CLANG_WARN_OBJC_ROOT_CLASS = YES_ERROR;
				CLANG_WARN_RANGE_LOOP_ANALYSIS = YES;
				CLANG_WARN_STRICT_PROTOTYPES = YES;
				CLANG_WARN_SUSPICIOUS_MOVE = YES;
				CLANG_WARN_UNGUARDED_AVAILABILITY = YES_AGGRESSIVE;
				CLANG_WARN_UNREACHABLE_CODE = YES;
				CLANG_WARN__DUPLICATE_METHOD_MATCH = YES;
				COPY_PHASE_STRIP = NO;
				DEBUG_INFORMATION_FORMAT = dwarf;
				ENABLE_STRICT_OBJC_MSGSEND = YES;
				ENABLE_TESTABILITY = YES;
				GCC_C_LANGUAGE_STANDARD = gnu11;
				GCC_DYNAMIC_NO_PIC = NO;
				GCC_NO_COMMON_BLOCKS = YES;
				GCC_OPTIMIZATION_LEVEL = 0;
				GCC_PREPROCESSOR_DEFINITIONS = (
					"DEBUG=1",
					"$(inherited)",
				);
				GCC_WARN_64_TO_32_BIT_CONVERSION = YES;
				GCC_WARN_ABOUT_RETURN_TYPE = YES_ERROR;
				GCC_WARN_UNDECLARED_SELECTOR = YES;
				GCC_WARN_UNINITIALIZED_AUTOS = YES_AGGRESSIVE;
				GCC_WARN_UNUSED_FUNCTION = YES;
				GCC_WARN_UNUSED_VARIABLE = YES;
				IPHONEOS_DEPLOYMENT_TARGET = 13.2;
				MTL_ENABLE_DEBUG_INFO = INCLUDE_SOURCE;
				MTL_FAST_MATH = YES;
				ONLY_ACTIVE_ARCH = YES;
				SDKROOT = iphoneos;
				SWIFT_ACTIVE_COMPILATION_CONDITIONS = DEBUG;
				SWIFT_OPTIMIZATION_LEVEL = "-Onone";
			};
			name = Debug;
		};
		040BC40323F290DC0003FAC4 /* Release */ = {
			isa = XCBuildConfiguration;
			buildSettings = {
				ALWAYS_SEARCH_USER_PATHS = NO;
				CLANG_ANALYZER_NONNULL = YES;
				CLANG_ANALYZER_NUMBER_OBJECT_CONVERSION = YES_AGGRESSIVE;
				CLANG_CXX_LANGUAGE_STANDARD = "gnu++14";
				CLANG_CXX_LIBRARY = "libc++";
				CLANG_ENABLE_MODULES = YES;
				CLANG_ENABLE_OBJC_ARC = YES;
				CLANG_ENABLE_OBJC_WEAK = YES;
				CLANG_WARN_BLOCK_CAPTURE_AUTORELEASING = YES;
				CLANG_WARN_BOOL_CONVERSION = YES;
				CLANG_WARN_COMMA = YES;
				CLANG_WARN_CONSTANT_CONVERSION = YES;
				CLANG_WARN_DEPRECATED_OBJC_IMPLEMENTATIONS = YES;
				CLANG_WARN_DIRECT_OBJC_ISA_USAGE = YES_ERROR;
				CLANG_WARN_DOCUMENTATION_COMMENTS = YES;
				CLANG_WARN_EMPTY_BODY = YES;
				CLANG_WARN_ENUM_CONVERSION = YES;
				CLANG_WARN_INFINITE_RECURSION = YES;
				CLANG_WARN_INT_CONVERSION = YES;
				CLANG_WARN_NON_LITERAL_NULL_CONVERSION = YES;
				CLANG_WARN_OBJC_IMPLICIT_RETAIN_SELF = YES;
				CLANG_WARN_OBJC_LITERAL_CONVERSION = YES;
				CLANG_WARN_OBJC_ROOT_CLASS = YES_ERROR;
				CLANG_WARN_RANGE_LOOP_ANALYSIS = YES;
				CLANG_WARN_STRICT_PROTOTYPES = YES;
				CLANG_WARN_SUSPICIOUS_MOVE = YES;
				CLANG_WARN_UNGUARDED_AVAILABILITY = YES_AGGRESSIVE;
				CLANG_WARN_UNREACHABLE_CODE = YES;
				CLANG_WARN__DUPLICATE_METHOD_MATCH = YES;
				COPY_PHASE_STRIP = NO;
				DEBUG_INFORMATION_FORMAT = "dwarf-with-dsym";
				ENABLE_NS_ASSERTIONS = NO;
				ENABLE_STRICT_OBJC_MSGSEND = YES;
				GCC_C_LANGUAGE_STANDARD = gnu11;
				GCC_NO_COMMON_BLOCKS = YES;
				GCC_WARN_64_TO_32_BIT_CONVERSION = YES;
				GCC_WARN_ABOUT_RETURN_TYPE = YES_ERROR;
				GCC_WARN_UNDECLARED_SELECTOR = YES;
				GCC_WARN_UNINITIALIZED_AUTOS = YES_AGGRESSIVE;
				GCC_WARN_UNUSED_FUNCTION = YES;
				GCC_WARN_UNUSED_VARIABLE = YES;
				IPHONEOS_DEPLOYMENT_TARGET = 13.2;
				MTL_ENABLE_DEBUG_INFO = NO;
				MTL_FAST_MATH = YES;
				SDKROOT = iphoneos;
				SWIFT_COMPILATION_MODE = wholemodule;
				SWIFT_OPTIMIZATION_LEVEL = "-O";
				VALIDATE_PRODUCT = YES;
			};
			name = Release;
		};
		040BC40523F290DC0003FAC4 /* Debug */ = {
			isa = XCBuildConfiguration;
			baseConfigurationReference = 16937C15C40DDCD3CA3463AA /* Pods-DOITTarasenko.debug.xcconfig */;
			buildSettings = {
				ASSETCATALOG_COMPILER_APPICON_NAME = AppIcon;
				CODE_SIGN_STYLE = Automatic;
				INFOPLIST_FILE = "$(SRCROOT)/DOITTarasenko/Source/Info.plist";
				LD_RUNPATH_SEARCH_PATHS = (
					"$(inherited)",
					"@executable_path/Frameworks",
				);
				PRODUCT_BUNDLE_IDENTIFIER = com.ithinkers.DOITTarasenko;
				PRODUCT_NAME = "$(TARGET_NAME)";
				SWIFT_VERSION = 5.0;
				TARGETED_DEVICE_FAMILY = "1,2";
			};
			name = Debug;
		};
		040BC40623F290DC0003FAC4 /* Release */ = {
			isa = XCBuildConfiguration;
			baseConfigurationReference = 398BA54A77F021AF225B739B /* Pods-DOITTarasenko.release.xcconfig */;
			buildSettings = {
				ASSETCATALOG_COMPILER_APPICON_NAME = AppIcon;
				CODE_SIGN_STYLE = Automatic;
				INFOPLIST_FILE = "$(SRCROOT)/DOITTarasenko/Source/Info.plist";
				LD_RUNPATH_SEARCH_PATHS = (
					"$(inherited)",
					"@executable_path/Frameworks",
				);
				PRODUCT_BUNDLE_IDENTIFIER = com.ithinkers.DOITTarasenko;
				PRODUCT_NAME = "$(TARGET_NAME)";
				SWIFT_VERSION = 5.0;
				TARGETED_DEVICE_FAMILY = "1,2";
			};
			name = Release;
		};
/* End XCBuildConfiguration section */

/* Begin XCConfigurationList section */
		040BC3EB23F290D90003FAC4 /* Build configuration list for PBXProject "DOITTarasenko" */ = {
			isa = XCConfigurationList;
			buildConfigurations = (
				040BC40223F290DC0003FAC4 /* Debug */,
				040BC40323F290DC0003FAC4 /* Release */,
			);
			defaultConfigurationIsVisible = 0;
			defaultConfigurationName = Release;
		};
		040BC40423F290DC0003FAC4 /* Build configuration list for PBXNativeTarget "DOITTarasenko" */ = {
			isa = XCConfigurationList;
			buildConfigurations = (
				040BC40523F290DC0003FAC4 /* Debug */,
				040BC40623F290DC0003FAC4 /* Release */,
			);
			defaultConfigurationIsVisible = 0;
			defaultConfigurationName = Release;
		};
/* End XCConfigurationList section */
	};
	rootObject = 040BC3E823F290D90003FAC4 /* Project object */;
}
